
Microsoft Visual Studio Solution File, Format Version 11.00
# Visual Studio 2010
Project("{FAE04EC0-301F-11D3-BF4B-00C04F79EFBC}") = "Assembly-CSharp", "Assembly-CSharp.csproj", "{c3d26c7f-d47a-f982-eecc-a285dfcdd5a9}"
EndProject
Project("{FAE04EC0-301F-11D3-BF4B-00C04F79EFBC}") = "com.ben-w.erp", "com.ben-w.erp.csproj", "{5b04334f-2747-915a-e700-c5383d8f1787}"
EndProject
Project("{FAE04EC0-301F-11D3-BF4B-00C04F79EFBC}") = "Assembly-CSharp-Editor", "Assembly-CSharp-Editor.csproj", "{357fa46e-ded1-9e7a-aeea-9e9c3231e55e}"
EndProject
Global
	GlobalSection(SolutionConfigurationPlatforms) = preSolution
		Debug|Any CPU = Debug|Any CPU
	EndGlobalSection
	GlobalSection(ProjectConfigurationPlatforms) = postSolution
		{c3d26c7f-d47a-f982-eecc-a285dfcdd5a9}.Debug|Any CPU.ActiveCfg = Debug|Any CPU
		{c3d26c7f-d47a-f982-eecc-a285dfcdd5a9}.Debug|Any CPU.Build.0 = Debug|Any CPU
		{5b04334f-2747-915a-e700-c5383d8f1787}.Debug|Any CPU.ActiveCfg = Debug|Any CPU
		{5b04334f-2747-915a-e700-c5383d8f1787}.Debug|Any CPU.Build.0 = Debug|Any CPU
		{357fa46e-ded1-9e7a-aeea-9e9c3231e55e}.Debug|Any CPU.ActiveCfg = Debug|Any CPU
		{357fa46e-ded1-9e7a-aeea-9e9c3231e55e}.Debug|Any CPU.Build.0 = Debug|Any CPU
	EndGlobalSection
	GlobalSection(SolutionProperties) = preSolution
		HideSolutionNode = FALSE
	EndGlobalSection
EndGlobal
