
Microsoft Visual Studio Solution File, Format Version 12.00
# Visual Studio 15
Project("{FAE04EC0-301F-11D3-BF4B-00C04F79EFBC}") = "Assembly-CSharp", "Assembly-CSharp.csproj", "{7F6CD2C3-7AD4-82F9-EECC-A285DFCDD5A9}"
EndProject
Project("{FAE04EC0-301F-11D3-BF4B-00C04F79EFBC}") = "Assembly-CSharp-Editor", "Assembly-CSharp-Editor.csproj", "{6EA47F35-D1DE-7A9E-AEEA-9E9C3231E55E}"
EndProject
Global
	GlobalSection(SolutionConfigurationPlatforms) = preSolution
		Debug|Any CPU = Debug|Any CPU
		Release|Any CPU = Release|Any CPU
	EndGlobalSection
	GlobalSection(ProjectConfigurationPlatforms) = postSolution
		{7F6CD2C3-7AD4-82F9-EECC-A285DFCDD5A9}.Debug|Any CPU.ActiveCfg = Debug|Any CPU
		{7F6CD2C3-7AD4-82F9-EECC-A285DFCDD5A9}.Debug|Any CPU.Build.0 = Debug|Any CPU
		{7F6CD2C3-7AD4-82F9-EECC-A285DFCDD5A9}.Release|Any CPU.ActiveCfg = Release|Any CPU
		{7F6CD2C3-7AD4-82F9-EECC-A285DFCDD5A9}.Release|Any CPU.Build.0 = Release|Any CPU
		{6EA47F35-D1DE-7A9E-AEEA-9E9C3231E55E}.Debug|Any CPU.ActiveCfg = Debug|Any CPU
		{6EA47F35-D1DE-7A9E-AEEA-9E9C3231E55E}.Debug|Any CPU.Build.0 = Debug|Any CPU
		{6EA47F35-D1DE-7A9E-AEEA-9E9C3231E55E}.Release|Any CPU.ActiveCfg = Release|Any CPU
		{6EA47F35-D1DE-7A9E-AEEA-9E9C3231E55E}.Release|Any CPU.Build.0 = Release|Any CPU
	EndGlobalSection
	GlobalSection(SolutionProperties) = preSolution
		HideSolutionNode = FALSE
	EndGlobalSection
EndGlobal
